
Microsoft Visual Studio Solution File, Format Version 12.00
# Visual Studio Version 16
VisualStudioVersion = 16.0.30523.141
MinimumVisualStudioVersion = 10.0.40219.1
Project("{FAE04EC0-301F-11D3-BF4B-00C04F79EFBC}") = "lab02", "lab02\lab02.csproj", "{DD167069-2F7E-4921-B1A9-166885420387}"
EndProject
Global
	GlobalSection(SolutionConfigurationPlatforms) = preSolution
		Debug|Any CPU = Debug|Any CPU
		Release|Any CPU = Release|Any CPU
	EndGlobalSection
	GlobalSection(ProjectConfigurationPlatforms) = postSolution
		{DD167069-2F7E-4921-B1A9-166885420387}.Debug|Any CPU.ActiveCfg = Debug|Any CPU
		{DD167069-2F7E-4921-B1A9-166885420387}.Debug|Any CPU.Build.0 = Debug|Any CPU
		{DD167069-2F7E-4921-B1A9-166885420387}.Release|Any CPU.ActiveCfg = Release|Any CPU
		{DD167069-2F7E-4921-B1A9-166885420387}.Release|Any CPU.Build.0 = Release|Any CPU
	EndGlobalSection
	GlobalSection(SolutionProperties) = preSolution
		HideSolutionNode = FALSE
	EndGlobalSection
	GlobalSection(ExtensibilityGlobals) = postSolution
		SolutionGuid = {5C83B03E-D53A-4235-8ED7-17C2C40E8EB8}
	EndGlobalSection
EndGlobal
